
Microsoft Visual Studio Solution File, Format Version 12.00
Project("{FAE04EC0-301F-11D3-BF4B-00C04F79EFBC}") = "RPS", "RPS.csproj", "{FA70BF09-672B-4559-B39D-C190861EAFEA}"
EndProject
Global
	GlobalSection(SolutionConfigurationPlatforms) = preSolution
		Debug|Any CPU = Debug|Any CPU
		Release|Any CPU = Release|Any CPU
	EndGlobalSection
	GlobalSection(ProjectConfigurationPlatforms) = postSolution
		{FA70BF09-672B-4559-B39D-C190861EAFEA}.Debug|Any CPU.ActiveCfg = Debug|Any CPU
		{FA70BF09-672B-4559-B39D-C190861EAFEA}.Debug|Any CPU.Build.0 = Debug|Any CPU
		{FA70BF09-672B-4559-B39D-C190861EAFEA}.Release|Any CPU.ActiveCfg = Release|Any CPU
		{FA70BF09-672B-4559-B39D-C190861EAFEA}.Release|Any CPU.Build.0 = Release|Any CPU
	EndGlobalSection
EndGlobal
